// !$*UTF8*$!
{
	archiveVersion = 1;
	classes = {
	};
	objectVersion = 55;
	objects = {

/* Begin PBXBuildFile section */
		30A36ADE7DC41030AADC4DD4 /* Pods_MobileClientGitHubTests.framework in Frameworks */ = {isa = PBXBuildFile; fileRef = AD13DD8BE73E491E63183451 /* Pods_MobileClientGitHubTests.framework */; };
		89044918272AB1C00007701A /* MobileClientGitHubTests.swift in Sources */ = {isa = PBXBuildFile; fileRef = 89044917272AB1C00007701A /* MobileClientGitHubTests.swift */; };
		89044921272AB24E0007701A /* GitHubAPITests.swift in Sources */ = {isa = PBXBuildFile; fileRef = 89044920272AB24E0007701A /* GitHubAPITests.swift */; };
		8915F7E827410F19002B584A /* RepositoryDetailVM.swift in Sources */ = {isa = PBXBuildFile; fileRef = 8915F7E727410F19002B584A /* RepositoryDetailVM.swift */; };
		8915F7EA27410F24002B584A /* CommitCellVM.swift in Sources */ = {isa = PBXBuildFile; fileRef = 8915F7E927410F24002B584A /* CommitCellVM.swift */; };
		89279436273E78C6009D05FB /* RepositoryDetailVC.swift in Sources */ = {isa = PBXBuildFile; fileRef = 89279435273E78C6009D05FB /* RepositoryDetailVC.swift */; };
		89279438273E78F1009D05FB /* FavoriteRepositoryDetailVC.swift in Sources */ = {isa = PBXBuildFile; fileRef = 89279437273E78F1009D05FB /* FavoriteRepositoryDetailVC.swift */; };
		8927943B273E798A009D05FB /* CommitTableViewCell.swift in Sources */ = {isa = PBXBuildFile; fileRef = 89279439273E798A009D05FB /* CommitTableViewCell.swift */; };
		8927943C273E798A009D05FB /* CommitTableViewCell.xib in Resources */ = {isa = PBXBuildFile; fileRef = 8927943A273E798A009D05FB /* CommitTableViewCell.xib */; };
		8927943F273E79B0009D05FB /* FavoriteCommitTableViewCell.swift in Sources */ = {isa = PBXBuildFile; fileRef = 8927943D273E79B0009D05FB /* FavoriteCommitTableViewCell.swift */; };
		89279440273E79B0009D05FB /* FavoriteCommitTableViewCell.xib in Resources */ = {isa = PBXBuildFile; fileRef = 8927943E273E79B0009D05FB /* FavoriteCommitTableViewCell.xib */; };
		89279446273FD3EF009D05FB /* RepositoryModel.swift in Sources */ = {isa = PBXBuildFile; fileRef = 89279445273FD3EF009D05FB /* RepositoryModel.swift */; };
		89279448273FDF21009D05FB /* RepositoryCellVM.swift in Sources */ = {isa = PBXBuildFile; fileRef = 89279447273FDF21009D05FB /* RepositoryCellVM.swift */; };
		8991086E27413A4D005E4858 /* Realm in Frameworks */ = {isa = PBXBuildFile; productRef = 8991086D27413A4D005E4858 /* Realm */; };
		8991087027413A4D005E4858 /* RealmSwift in Frameworks */ = {isa = PBXBuildFile; productRef = 8991086F27413A4D005E4858 /* RealmSwift */; };
		8991087227413A9B005E4858 /* RealmModel.swift in Sources */ = {isa = PBXBuildFile; fileRef = 8991087127413A9B005E4858 /* RealmModel.swift */; };
		8991087727428091005E4858 /* FavoriteRepositoryListVM.swift in Sources */ = {isa = PBXBuildFile; fileRef = 8991087627428091005E4858 /* FavoriteRepositoryListVM.swift */; };
		899108792744FB5C005E4858 /* GoogleService-Info.plist in Resources */ = {isa = PBXBuildFile; fileRef = 899108782744FB5C005E4858 /* GoogleService-Info.plist */; };
		89910881274519FA005E4858 /* AuthViewController.swift in Sources */ = {isa = PBXBuildFile; fileRef = 89910880274519FA005E4858 /* AuthViewController.swift */; };
		89A8DBE6273E5A8E001B1974 /* FavoritesRepositoryListVC.swift in Sources */ = {isa = PBXBuildFile; fileRef = 89A8DBE5273E5A8E001B1974 /* FavoritesRepositoryListVC.swift */; };
		89A8DBE9273E5AE3001B1974 /* FavoritesTableViewCell.swift in Sources */ = {isa = PBXBuildFile; fileRef = 89A8DBE7273E5AE3001B1974 /* FavoritesTableViewCell.swift */; };
		89A8DBEA273E5AE3001B1974 /* FavoritesTableViewCell.xib in Resources */ = {isa = PBXBuildFile; fileRef = 89A8DBE8273E5AE3001B1974 /* FavoritesTableViewCell.xib */; };
		89BE23D02727CFB900B44D5A /* AppDelegate.swift in Sources */ = {isa = PBXBuildFile; fileRef = 89BE23CF2727CFB900B44D5A /* AppDelegate.swift */; };
		89BE23D42727CFB900B44D5A /* RepositoryListVC.swift in Sources */ = {isa = PBXBuildFile; fileRef = 89BE23D32727CFB900B44D5A /* RepositoryListVC.swift */; };
		89BE23D72727CFB900B44D5A /* Main.storyboard in Resources */ = {isa = PBXBuildFile; fileRef = 89BE23D52727CFB900B44D5A /* Main.storyboard */; };
		89BE23D92727CFBB00B44D5A /* Assets.xcassets in Resources */ = {isa = PBXBuildFile; fileRef = 89BE23D82727CFBB00B44D5A /* Assets.xcassets */; };
		89BE23DC2727CFBB00B44D5A /* LaunchScreen.storyboard in Resources */ = {isa = PBXBuildFile; fileRef = 89BE23DA2727CFBB00B44D5A /* LaunchScreen.storyboard */; };
		89BE23E72727D04500B44D5A /* GitHubJSON.swift in Sources */ = {isa = PBXBuildFile; fileRef = 89BE23E62727D04500B44D5A /* GitHubJSON.swift */; };
		89BE23F12727DA7600B44D5A /* RepositoryViewCell.swift in Sources */ = {isa = PBXBuildFile; fileRef = 89BE23EF2727DA7600B44D5A /* RepositoryViewCell.swift */; };
		89BE23F22727DA7600B44D5A /* RepositoryViewCell.xib in Resources */ = {isa = PBXBuildFile; fileRef = 89BE23F02727DA7600B44D5A /* RepositoryViewCell.xib */; };
		89EB0EC927280896004F57A4 /* Provider.swift in Sources */ = {isa = PBXBuildFile; fileRef = 89EB0EC827280896004F57A4 /* Provider.swift */; };
		89EB0ECB27280F88004F57A4 /* Model.swift in Sources */ = {isa = PBXBuildFile; fileRef = 89EB0ECA27280F88004F57A4 /* Model.swift */; };
		89EB0ECD27281773004F57A4 /* RepositoryListVM.swift in Sources */ = {isa = PBXBuildFile; fileRef = 89EB0ECC27281773004F57A4 /* RepositoryListVM.swift */; };
		BF3E388895EBDBB764261C58 /* Pods_MobileClientGitHub.framework in Frameworks */ = {isa = PBXBuildFile; fileRef = 62FEC20E974FA45B2131E337 /* Pods_MobileClientGitHub.framework */; };
/* End PBXBuildFile section */

/* Begin PBXContainerItemProxy section */
		89044919272AB1C00007701A /* PBXContainerItemProxy */ = {
			isa = PBXContainerItemProxy;
			containerPortal = 89BE23C42727CFB900B44D5A /* Project object */;
			proxyType = 1;
			remoteGlobalIDString = 89BE23CB2727CFB900B44D5A;
			remoteInfo = MobileClientGitHub;
		};
/* End PBXContainerItemProxy section */

/* Begin PBXFileReference section */
		528D752283B4C54C5277D52D /* Pods-MobileClientGitHubTests.release.xcconfig */ = {isa = PBXFileReference; includeInIndex = 1; lastKnownFileType = text.xcconfig; name = "Pods-MobileClientGitHubTests.release.xcconfig"; path = "Target Support Files/Pods-MobileClientGitHubTests/Pods-MobileClientGitHubTests.release.xcconfig"; sourceTree = "<group>"; };
		62FEC20E974FA45B2131E337 /* Pods_MobileClientGitHub.framework */ = {isa = PBXFileReference; explicitFileType = wrapper.framework; includeInIndex = 0; path = Pods_MobileClientGitHub.framework; sourceTree = BUILT_PRODUCTS_DIR; };
		6FE2AD60F2E958FAF3D92D33 /* Pods-MobileClientGitHubTests.debug.xcconfig */ = {isa = PBXFileReference; includeInIndex = 1; lastKnownFileType = text.xcconfig; name = "Pods-MobileClientGitHubTests.debug.xcconfig"; path = "Target Support Files/Pods-MobileClientGitHubTests/Pods-MobileClientGitHubTests.debug.xcconfig"; sourceTree = "<group>"; };
		89044915272AB1C00007701A /* MobileClientGitHubTests.xctest */ = {isa = PBXFileReference; explicitFileType = wrapper.cfbundle; includeInIndex = 0; path = MobileClientGitHubTests.xctest; sourceTree = BUILT_PRODUCTS_DIR; };
		89044917272AB1C00007701A /* MobileClientGitHubTests.swift */ = {isa = PBXFileReference; lastKnownFileType = sourcecode.swift; path = MobileClientGitHubTests.swift; sourceTree = "<group>"; };
		89044920272AB24E0007701A /* GitHubAPITests.swift */ = {isa = PBXFileReference; lastKnownFileType = sourcecode.swift; path = GitHubAPITests.swift; sourceTree = "<group>"; };
		8915F7E727410F19002B584A /* RepositoryDetailVM.swift */ = {isa = PBXFileReference; lastKnownFileType = sourcecode.swift; path = RepositoryDetailVM.swift; sourceTree = "<group>"; };
		8915F7E927410F24002B584A /* CommitCellVM.swift */ = {isa = PBXFileReference; lastKnownFileType = sourcecode.swift; path = CommitCellVM.swift; sourceTree = "<group>"; };
		89279435273E78C6009D05FB /* RepositoryDetailVC.swift */ = {isa = PBXFileReference; lastKnownFileType = sourcecode.swift; path = RepositoryDetailVC.swift; sourceTree = "<group>"; };
		89279437273E78F1009D05FB /* FavoriteRepositoryDetailVC.swift */ = {isa = PBXFileReference; lastKnownFileType = sourcecode.swift; path = FavoriteRepositoryDetailVC.swift; sourceTree = "<group>"; };
		89279439273E798A009D05FB /* CommitTableViewCell.swift */ = {isa = PBXFileReference; lastKnownFileType = sourcecode.swift; path = CommitTableViewCell.swift; sourceTree = "<group>"; };
		8927943A273E798A009D05FB /* CommitTableViewCell.xib */ = {isa = PBXFileReference; lastKnownFileType = file.xib; path = CommitTableViewCell.xib; sourceTree = "<group>"; };
		8927943D273E79B0009D05FB /* FavoriteCommitTableViewCell.swift */ = {isa = PBXFileReference; lastKnownFileType = sourcecode.swift; path = FavoriteCommitTableViewCell.swift; sourceTree = "<group>"; };
		8927943E273E79B0009D05FB /* FavoriteCommitTableViewCell.xib */ = {isa = PBXFileReference; lastKnownFileType = file.xib; path = FavoriteCommitTableViewCell.xib; sourceTree = "<group>"; };
		89279445273FD3EF009D05FB /* RepositoryModel.swift */ = {isa = PBXFileReference; lastKnownFileType = sourcecode.swift; path = RepositoryModel.swift; sourceTree = "<group>"; };
		89279447273FDF21009D05FB /* RepositoryCellVM.swift */ = {isa = PBXFileReference; lastKnownFileType = sourcecode.swift; path = RepositoryCellVM.swift; sourceTree = "<group>"; };
		8991087127413A9B005E4858 /* RealmModel.swift */ = {isa = PBXFileReference; lastKnownFileType = sourcecode.swift; path = RealmModel.swift; sourceTree = "<group>"; };
		8991087627428091005E4858 /* FavoriteRepositoryListVM.swift */ = {isa = PBXFileReference; lastKnownFileType = sourcecode.swift; path = FavoriteRepositoryListVM.swift; sourceTree = "<group>"; };
		899108782744FB5C005E4858 /* GoogleService-Info.plist */ = {isa = PBXFileReference; lastKnownFileType = text.plist.xml; name = "GoogleService-Info.plist"; path = "MobileClientGitHub/GoogleService-Info.plist"; sourceTree = SOURCE_ROOT; };
		89910880274519FA005E4858 /* AuthViewController.swift */ = {isa = PBXFileReference; lastKnownFileType = sourcecode.swift; path = AuthViewController.swift; sourceTree = "<group>"; };
		89A8DBE5273E5A8E001B1974 /* FavoritesRepositoryListVC.swift */ = {isa = PBXFileReference; lastKnownFileType = sourcecode.swift; path = FavoritesRepositoryListVC.swift; sourceTree = "<group>"; };
		89A8DBE7273E5AE3001B1974 /* FavoritesTableViewCell.swift */ = {isa = PBXFileReference; lastKnownFileType = sourcecode.swift; path = FavoritesTableViewCell.swift; sourceTree = "<group>"; };
		89A8DBE8273E5AE3001B1974 /* FavoritesTableViewCell.xib */ = {isa = PBXFileReference; lastKnownFileType = file.xib; path = FavoritesTableViewCell.xib; sourceTree = "<group>"; };
		89BE23CC2727CFB900B44D5A /* MobileClientGitHub.app */ = {isa = PBXFileReference; explicitFileType = wrapper.application; includeInIndex = 0; path = MobileClientGitHub.app; sourceTree = BUILT_PRODUCTS_DIR; };
		89BE23CF2727CFB900B44D5A /* AppDelegate.swift */ = {isa = PBXFileReference; lastKnownFileType = sourcecode.swift; path = AppDelegate.swift; sourceTree = "<group>"; };
		89BE23D32727CFB900B44D5A /* RepositoryListVC.swift */ = {isa = PBXFileReference; lastKnownFileType = sourcecode.swift; path = RepositoryListVC.swift; sourceTree = "<group>"; };
		89BE23D62727CFB900B44D5A /* Base */ = {isa = PBXFileReference; lastKnownFileType = file.storyboard; name = Base; path = Base.lproj/Main.storyboard; sourceTree = "<group>"; };
		89BE23D82727CFBB00B44D5A /* Assets.xcassets */ = {isa = PBXFileReference; lastKnownFileType = folder.assetcatalog; path = Assets.xcassets; sourceTree = "<group>"; };
		89BE23DB2727CFBB00B44D5A /* Base */ = {isa = PBXFileReference; lastKnownFileType = file.storyboard; name = Base; path = Base.lproj/LaunchScreen.storyboard; sourceTree = "<group>"; };
		89BE23DD2727CFBB00B44D5A /* Info.plist */ = {isa = PBXFileReference; lastKnownFileType = text.plist.xml; path = Info.plist; sourceTree = "<group>"; };
		89BE23E62727D04500B44D5A /* GitHubJSON.swift */ = {isa = PBXFileReference; lastKnownFileType = sourcecode.swift; path = GitHubJSON.swift; sourceTree = "<group>"; };
		89BE23EF2727DA7600B44D5A /* RepositoryViewCell.swift */ = {isa = PBXFileReference; lastKnownFileType = sourcecode.swift; path = RepositoryViewCell.swift; sourceTree = "<group>"; };
		89BE23F02727DA7600B44D5A /* RepositoryViewCell.xib */ = {isa = PBXFileReference; lastKnownFileType = file.xib; path = RepositoryViewCell.xib; sourceTree = "<group>"; };
		89EB0EC827280896004F57A4 /* Provider.swift */ = {isa = PBXFileReference; lastKnownFileType = sourcecode.swift; path = Provider.swift; sourceTree = "<group>"; };
		89EB0ECA27280F88004F57A4 /* Model.swift */ = {isa = PBXFileReference; lastKnownFileType = sourcecode.swift; path = Model.swift; sourceTree = "<group>"; };
		89EB0ECC27281773004F57A4 /* RepositoryListVM.swift */ = {isa = PBXFileReference; lastKnownFileType = sourcecode.swift; path = RepositoryListVM.swift; sourceTree = "<group>"; };
		AD13DD8BE73E491E63183451 /* Pods_MobileClientGitHubTests.framework */ = {isa = PBXFileReference; explicitFileType = wrapper.framework; includeInIndex = 0; path = Pods_MobileClientGitHubTests.framework; sourceTree = BUILT_PRODUCTS_DIR; };
		B2C9E9869B14A9D0D450E265 /* Pods-MobileClientGitHub.debug.xcconfig */ = {isa = PBXFileReference; includeInIndex = 1; lastKnownFileType = text.xcconfig; name = "Pods-MobileClientGitHub.debug.xcconfig"; path = "Target Support Files/Pods-MobileClientGitHub/Pods-MobileClientGitHub.debug.xcconfig"; sourceTree = "<group>"; };
		DB57CE285BBC353A849D3119 /* Pods-MobileClientGitHub.release.xcconfig */ = {isa = PBXFileReference; includeInIndex = 1; lastKnownFileType = text.xcconfig; name = "Pods-MobileClientGitHub.release.xcconfig"; path = "Target Support Files/Pods-MobileClientGitHub/Pods-MobileClientGitHub.release.xcconfig"; sourceTree = "<group>"; };
/* End PBXFileReference section */

/* Begin PBXFrameworksBuildPhase section */
		89044912272AB1C00007701A /* Frameworks */ = {
			isa = PBXFrameworksBuildPhase;
			buildActionMask = 2147483647;
			files = (
				30A36ADE7DC41030AADC4DD4 /* Pods_MobileClientGitHubTests.framework in Frameworks */,
			);
			runOnlyForDeploymentPostprocessing = 0;
		};
		89BE23C92727CFB900B44D5A /* Frameworks */ = {
			isa = PBXFrameworksBuildPhase;
			buildActionMask = 2147483647;
			files = (
				8991087027413A4D005E4858 /* RealmSwift in Frameworks */,
				8991086E27413A4D005E4858 /* Realm in Frameworks */,
				BF3E388895EBDBB764261C58 /* Pods_MobileClientGitHub.framework in Frameworks */,
			);
			runOnlyForDeploymentPostprocessing = 0;
		};
/* End PBXFrameworksBuildPhase section */

/* Begin PBXGroup section */
		89044916272AB1C00007701A /* MobileClientGitHubTests */ = {
			isa = PBXGroup;
			children = (
				8904491F272AB1EB0007701A /* Model */,
				89044917272AB1C00007701A /* MobileClientGitHubTests.swift */,
			);
			path = MobileClientGitHubTests;
			sourceTree = "<group>";
		};
		8904491F272AB1EB0007701A /* Model */ = {
			isa = PBXGroup;
			children = (
				89044920272AB24E0007701A /* GitHubAPITests.swift */,
			);
			path = Model;
			sourceTree = "<group>";
		};
		8915F7E527410ED6002B584A /* RepositoryList */ = {
			isa = PBXGroup;
			children = (
				89EB0ECC27281773004F57A4 /* RepositoryListVM.swift */,
				89279447273FDF21009D05FB /* RepositoryCellVM.swift */,
			);
			path = RepositoryList;
			sourceTree = "<group>";
		};
		8915F7E627410EE4002B584A /* RepositoryDetail */ = {
			isa = PBXGroup;
			children = (
				8915F7E727410F19002B584A /* RepositoryDetailVM.swift */,
				8915F7E927410F24002B584A /* CommitCellVM.swift */,
			);
			path = RepositoryDetail;
			sourceTree = "<group>";
		};
		89279431273E781A009D05FB /* RepositoryListUI */ = {
			isa = PBXGroup;
			children = (
				89BE23D32727CFB900B44D5A /* RepositoryListVC.swift */,
				89BE23EF2727DA7600B44D5A /* RepositoryViewCell.swift */,
				89BE23F02727DA7600B44D5A /* RepositoryViewCell.xib */,
			);
			path = RepositoryListUI;
			sourceTree = "<group>";
		};
		89279432273E7833009D05FB /* FavoriteRepositoryListVC */ = {
			isa = PBXGroup;
			children = (
				89A8DBE5273E5A8E001B1974 /* FavoritesRepositoryListVC.swift */,
				89A8DBE7273E5AE3001B1974 /* FavoritesTableViewCell.swift */,
				89A8DBE8273E5AE3001B1974 /* FavoritesTableViewCell.xib */,
			);
			path = FavoriteRepositoryListVC;
			sourceTree = "<group>";
		};
		89279433273E785C009D05FB /* RepositoryDetail */ = {
			isa = PBXGroup;
			children = (
				89279435273E78C6009D05FB /* RepositoryDetailVC.swift */,
				89279439273E798A009D05FB /* CommitTableViewCell.swift */,
				8927943A273E798A009D05FB /* CommitTableViewCell.xib */,
			);
			path = RepositoryDetail;
			sourceTree = "<group>";
		};
		89279434273E7875009D05FB /* FavoriteRepositoryDetail */ = {
			isa = PBXGroup;
			children = (
				89279437273E78F1009D05FB /* FavoriteRepositoryDetailVC.swift */,
				8927943D273E79B0009D05FB /* FavoriteCommitTableViewCell.swift */,
				8927943E273E79B0009D05FB /* FavoriteCommitTableViewCell.xib */,
			);
			path = FavoriteRepositoryDetail;
			sourceTree = "<group>";
		};
		89279443273EDC7E009D05FB /* Provider */ = {
			isa = PBXGroup;
			children = (
				89EB0EC827280896004F57A4 /* Provider.swift */,
				89BE23E62727D04500B44D5A /* GitHubJSON.swift */,
				89279445273FD3EF009D05FB /* RepositoryModel.swift */,
				8991087127413A9B005E4858 /* RealmModel.swift */,
			);
			path = Provider;
			sourceTree = "<group>";
		};
		8991087327427FF6005E4858 /* RepositoryVM */ = {
			isa = PBXGroup;
			children = (
				8915F7E527410ED6002B584A /* RepositoryList */,
				8915F7E627410EE4002B584A /* RepositoryDetail */,
			);
			path = RepositoryVM;
			sourceTree = "<group>";
		};
		8991087427428024005E4858 /* FavorireRepositoryVM */ = {
			isa = PBXGroup;
			children = (
				899108752742806D005E4858 /* FavoriteListVM */,
			);
			path = FavorireRepositoryVM;
			sourceTree = "<group>";
		};
		899108752742806D005E4858 /* FavoriteListVM */ = {
			isa = PBXGroup;
			children = (
				8991087627428091005E4858 /* FavoriteRepositoryListVM.swift */,
			);
			path = FavoriteListVM;
			sourceTree = "<group>";
		};
		89A8DBE4273E5543001B1974 /* FavoritesRepositoryUI */ = {
			isa = PBXGroup;
			children = (
				89279432273E7833009D05FB /* FavoriteRepositoryListVC */,
				89279434273E7875009D05FB /* FavoriteRepositoryDetail */,
				89910880274519FA005E4858 /* AuthViewController.swift */,
			);
			path = FavoritesRepositoryUI;
			sourceTree = "<group>";
		};
		89BE23C32727CFB900B44D5A = {
			isa = PBXGroup;
			children = (
				89BE23CE2727CFB900B44D5A /* MobileClientGitHub */,
				89044916272AB1C00007701A /* MobileClientGitHubTests */,
				89BE23CD2727CFB900B44D5A /* Products */,
				C10BEFB5021BB65487EB00B3 /* Pods */,
				E53D736F69B53AAF9CAD9CA9 /* Frameworks */,
			);
			sourceTree = "<group>";
		};
		89BE23CD2727CFB900B44D5A /* Products */ = {
			isa = PBXGroup;
			children = (
				89BE23CC2727CFB900B44D5A /* MobileClientGitHub.app */,
				89044915272AB1C00007701A /* MobileClientGitHubTests.xctest */,
			);
			name = Products;
			sourceTree = "<group>";
		};
		89BE23CE2727CFB900B44D5A /* MobileClientGitHub */ = {
			isa = PBXGroup;
			children = (
				89BE23E32727D00000B44D5A /* Model */,
				89BE23E52727D01900B44D5A /* ViewModel */,
				89BE23E42727D00B00B44D5A /* View */,
				89BE23CF2727CFB900B44D5A /* AppDelegate.swift */,
				89BE23D52727CFB900B44D5A /* Main.storyboard */,
				89BE23D82727CFBB00B44D5A /* Assets.xcassets */,
				89BE23DA2727CFBB00B44D5A /* LaunchScreen.storyboard */,
				899108782744FB5C005E4858 /* GoogleService-Info.plist */,
				89BE23DD2727CFBB00B44D5A /* Info.plist */,
			);
			path = MobileClientGitHub;
			sourceTree = "<group>";
		};
		89BE23E32727D00000B44D5A /* Model */ = {
			isa = PBXGroup;
			children = (
				89EB0ECA27280F88004F57A4 /* Model.swift */,
				89279443273EDC7E009D05FB /* Provider */,
			);
			path = Model;
			sourceTree = "<group>";
		};
		89BE23E42727D00B00B44D5A /* View */ = {
			isa = PBXGroup;
			children = (
				89BE23E82727D5FC00B44D5A /* RepositoryUI */,
				89A8DBE4273E5543001B1974 /* FavoritesRepositoryUI */,
			);
			path = View;
			sourceTree = "<group>";
		};
		89BE23E52727D01900B44D5A /* ViewModel */ = {
			isa = PBXGroup;
			children = (
				8991087327427FF6005E4858 /* RepositoryVM */,
				8991087427428024005E4858 /* FavorireRepositoryVM */,
			);
			path = ViewModel;
			sourceTree = "<group>";
		};
		89BE23E82727D5FC00B44D5A /* RepositoryUI */ = {
			isa = PBXGroup;
			children = (
				89279431273E781A009D05FB /* RepositoryListUI */,
				89279433273E785C009D05FB /* RepositoryDetail */,
			);
			path = RepositoryUI;
			sourceTree = "<group>";
		};
		C10BEFB5021BB65487EB00B3 /* Pods */ = {
			isa = PBXGroup;
			children = (
				B2C9E9869B14A9D0D450E265 /* Pods-MobileClientGitHub.debug.xcconfig */,
				DB57CE285BBC353A849D3119 /* Pods-MobileClientGitHub.release.xcconfig */,
				6FE2AD60F2E958FAF3D92D33 /* Pods-MobileClientGitHubTests.debug.xcconfig */,
				528D752283B4C54C5277D52D /* Pods-MobileClientGitHubTests.release.xcconfig */,
			);
			path = Pods;
			sourceTree = "<group>";
		};
		E53D736F69B53AAF9CAD9CA9 /* Frameworks */ = {
			isa = PBXGroup;
			children = (
				62FEC20E974FA45B2131E337 /* Pods_MobileClientGitHub.framework */,
				AD13DD8BE73E491E63183451 /* Pods_MobileClientGitHubTests.framework */,
			);
			name = Frameworks;
			sourceTree = "<group>";
		};
/* End PBXGroup section */

/* Begin PBXNativeTarget section */
		89044914272AB1C00007701A /* MobileClientGitHubTests */ = {
			isa = PBXNativeTarget;
			buildConfigurationList = 8904491B272AB1C00007701A /* Build configuration list for PBXNativeTarget "MobileClientGitHubTests" */;
			buildPhases = (
				FAD1D26381BE25B0C9C8B1FE /* [CP] Check Pods Manifest.lock */,
				89044911272AB1C00007701A /* Sources */,
				89044912272AB1C00007701A /* Frameworks */,
				89044913272AB1C00007701A /* Resources */,
			);
			buildRules = (
			);
			dependencies = (
				8904491A272AB1C00007701A /* PBXTargetDependency */,
			);
			name = MobileClientGitHubTests;
			productName = MobileClientGitHubTests;
			productReference = 89044915272AB1C00007701A /* MobileClientGitHubTests.xctest */;
			productType = "com.apple.product-type.bundle.unit-test";
		};
		89BE23CB2727CFB900B44D5A /* MobileClientGitHub */ = {
			isa = PBXNativeTarget;
			buildConfigurationList = 89BE23E02727CFBB00B44D5A /* Build configuration list for PBXNativeTarget "MobileClientGitHub" */;
			buildPhases = (
				E7459041349916567C67440C /* [CP] Check Pods Manifest.lock */,
				89BE23C82727CFB900B44D5A /* Sources */,
				89BE23C92727CFB900B44D5A /* Frameworks */,
				89BE23CA2727CFB900B44D5A /* Resources */,
				D96946FB64686DEF3AF4BE22 /* [CP] Embed Pods Frameworks */,
			);
			buildRules = (
			);
			dependencies = (
			);
			name = MobileClientGitHub;
			packageProductDependencies = (
				8991086D27413A4D005E4858 /* Realm */,
				8991086F27413A4D005E4858 /* RealmSwift */,
			);
			productName = MobileClientGitHub;
			productReference = 89BE23CC2727CFB900B44D5A /* MobileClientGitHub.app */;
			productType = "com.apple.product-type.application";
		};
/* End PBXNativeTarget section */

/* Begin PBXProject section */
		89BE23C42727CFB900B44D5A /* Project object */ = {
			isa = PBXProject;
			attributes = {
				BuildIndependentTargetsInParallel = 1;
				LastSwiftUpdateCheck = 1300;
				LastUpgradeCheck = 1300;
				TargetAttributes = {
					89044914272AB1C00007701A = {
						CreatedOnToolsVersion = 13.0;
						TestTargetID = 89BE23CB2727CFB900B44D5A;
					};
					89BE23CB2727CFB900B44D5A = {
						CreatedOnToolsVersion = 13.0;
					};
				};
			};
			buildConfigurationList = 89BE23C72727CFB900B44D5A /* Build configuration list for PBXProject "MobileClientGitHub" */;
			compatibilityVersion = "Xcode 13.0";
			developmentRegion = en;
			hasScannedForEncodings = 0;
			knownRegions = (
				en,
				Base,
			);
			mainGroup = 89BE23C32727CFB900B44D5A;
			packageReferences = (
				8991086C27413A4D005E4858 /* XCRemoteSwiftPackageReference "realm-cocoa" */,
			);
			productRefGroup = 89BE23CD2727CFB900B44D5A /* Products */;
			projectDirPath = "";
			projectRoot = "";
			targets = (
				89BE23CB2727CFB900B44D5A /* MobileClientGitHub */,
				89044914272AB1C00007701A /* MobileClientGitHubTests */,
			);
		};
/* End PBXProject section */

/* Begin PBXResourcesBuildPhase section */
		89044913272AB1C00007701A /* Resources */ = {
			isa = PBXResourcesBuildPhase;
			buildActionMask = 2147483647;
			files = (
			);
			runOnlyForDeploymentPostprocessing = 0;
		};
		89BE23CA2727CFB900B44D5A /* Resources */ = {
			isa = PBXResourcesBuildPhase;
			buildActionMask = 2147483647;
			files = (
				89BE23DC2727CFBB00B44D5A /* LaunchScreen.storyboard in Resources */,
				899108792744FB5C005E4858 /* GoogleService-Info.plist in Resources */,
				89279440273E79B0009D05FB /* FavoriteCommitTableViewCell.xib in Resources */,
				89BE23F22727DA7600B44D5A /* RepositoryViewCell.xib in Resources */,
				89BE23D92727CFBB00B44D5A /* Assets.xcassets in Resources */,
				89A8DBEA273E5AE3001B1974 /* FavoritesTableViewCell.xib in Resources */,
				8927943C273E798A009D05FB /* CommitTableViewCell.xib in Resources */,
				89BE23D72727CFB900B44D5A /* Main.storyboard in Resources */,
			);
			runOnlyForDeploymentPostprocessing = 0;
		};
/* End PBXResourcesBuildPhase section */

/* Begin PBXShellScriptBuildPhase section */
		D96946FB64686DEF3AF4BE22 /* [CP] Embed Pods Frameworks */ = {
			isa = PBXShellScriptBuildPhase;
			buildActionMask = 2147483647;
			files = (
			);
			inputFileListPaths = (
				"${PODS_ROOT}/Target Support Files/Pods-MobileClientGitHub/Pods-MobileClientGitHub-frameworks-${CONFIGURATION}-input-files.xcfilelist",
			);
			name = "[CP] Embed Pods Frameworks";
			outputFileListPaths = (
				"${PODS_ROOT}/Target Support Files/Pods-MobileClientGitHub/Pods-MobileClientGitHub-frameworks-${CONFIGURATION}-output-files.xcfilelist",
			);
			runOnlyForDeploymentPostprocessing = 0;
			shellPath = /bin/sh;
			shellScript = "\"${PODS_ROOT}/Target Support Files/Pods-MobileClientGitHub/Pods-MobileClientGitHub-frameworks.sh\"\n";
			showEnvVarsInLog = 0;
		};
		E7459041349916567C67440C /* [CP] Check Pods Manifest.lock */ = {
			isa = PBXShellScriptBuildPhase;
			buildActionMask = 2147483647;
			files = (
			);
			inputFileListPaths = (
			);
			inputPaths = (
				"${PODS_PODFILE_DIR_PATH}/Podfile.lock",
				"${PODS_ROOT}/Manifest.lock",
			);
			name = "[CP] Check Pods Manifest.lock";
			outputFileListPaths = (
			);
			outputPaths = (
				"$(DERIVED_FILE_DIR)/Pods-MobileClientGitHub-checkManifestLockResult.txt",
			);
			runOnlyForDeploymentPostprocessing = 0;
			shellPath = /bin/sh;
			shellScript = "diff \"${PODS_PODFILE_DIR_PATH}/Podfile.lock\" \"${PODS_ROOT}/Manifest.lock\" > /dev/null\nif [ $? != 0 ] ; then\n    # print error to STDERR\n    echo \"error: The sandbox is not in sync with the Podfile.lock. Run 'pod install' or update your CocoaPods installation.\" >&2\n    exit 1\nfi\n# This output is used by Xcode 'outputs' to avoid re-running this script phase.\necho \"SUCCESS\" > \"${SCRIPT_OUTPUT_FILE_0}\"\n";
			showEnvVarsInLog = 0;
		};
		FAD1D26381BE25B0C9C8B1FE /* [CP] Check Pods Manifest.lock */ = {
			isa = PBXShellScriptBuildPhase;
			buildActionMask = 2147483647;
			files = (
			);
			inputFileListPaths = (
			);
			inputPaths = (
				"${PODS_PODFILE_DIR_PATH}/Podfile.lock",
				"${PODS_ROOT}/Manifest.lock",
			);
			name = "[CP] Check Pods Manifest.lock";
			outputFileListPaths = (
			);
			outputPaths = (
				"$(DERIVED_FILE_DIR)/Pods-MobileClientGitHubTests-checkManifestLockResult.txt",
			);
			runOnlyForDeploymentPostprocessing = 0;
			shellPath = /bin/sh;
			shellScript = "diff \"${PODS_PODFILE_DIR_PATH}/Podfile.lock\" \"${PODS_ROOT}/Manifest.lock\" > /dev/null\nif [ $? != 0 ] ; then\n    # print error to STDERR\n    echo \"error: The sandbox is not in sync with the Podfile.lock. Run 'pod install' or update your CocoaPods installation.\" >&2\n    exit 1\nfi\n# This output is used by Xcode 'outputs' to avoid re-running this script phase.\necho \"SUCCESS\" > \"${SCRIPT_OUTPUT_FILE_0}\"\n";
			showEnvVarsInLog = 0;
		};
/* End PBXShellScriptBuildPhase section */

/* Begin PBXSourcesBuildPhase section */
		89044911272AB1C00007701A /* Sources */ = {
			isa = PBXSourcesBuildPhase;
			buildActionMask = 2147483647;
			files = (
				89044918272AB1C00007701A /* MobileClientGitHubTests.swift in Sources */,
				89044921272AB24E0007701A /* GitHubAPITests.swift in Sources */,
			);
			runOnlyForDeploymentPostprocessing = 0;
		};
		89BE23C82727CFB900B44D5A /* Sources */ = {
			isa = PBXSourcesBuildPhase;
			buildActionMask = 2147483647;
			files = (
				89A8DBE9273E5AE3001B1974 /* FavoritesTableViewCell.swift in Sources */,
				89BE23E72727D04500B44D5A /* GitHubJSON.swift in Sources */,
				8915F7EA27410F24002B584A /* CommitCellVM.swift in Sources */,
				8927943B273E798A009D05FB /* CommitTableViewCell.swift in Sources */,
				89BE23F12727DA7600B44D5A /* RepositoryViewCell.swift in Sources */,
				89279436273E78C6009D05FB /* RepositoryDetailVC.swift in Sources */,
				89BE23D42727CFB900B44D5A /* RepositoryListVC.swift in Sources */,
				89279448273FDF21009D05FB /* RepositoryCellVM.swift in Sources */,
				89279446273FD3EF009D05FB /* RepositoryModel.swift in Sources */,
				89EB0EC927280896004F57A4 /* Provider.swift in Sources */,
				8915F7E827410F19002B584A /* RepositoryDetailVM.swift in Sources */,
				89A8DBE6273E5A8E001B1974 /* FavoritesRepositoryListVC.swift in Sources */,
				89910881274519FA005E4858 /* AuthViewController.swift in Sources */,
				89BE23D02727CFB900B44D5A /* AppDelegate.swift in Sources */,
				8991087227413A9B005E4858 /* RealmModel.swift in Sources */,
				89279438273E78F1009D05FB /* FavoriteRepositoryDetailVC.swift in Sources */,
				8991087727428091005E4858 /* FavoriteRepositoryListVM.swift in Sources */,
				8927943F273E79B0009D05FB /* FavoriteCommitTableViewCell.swift in Sources */,
				89EB0ECB27280F88004F57A4 /* Model.swift in Sources */,
				89EB0ECD27281773004F57A4 /* RepositoryListVM.swift in Sources */,
			);
			runOnlyForDeploymentPostprocessing = 0;
		};
/* End PBXSourcesBuildPhase section */

/* Begin PBXTargetDependency section */
		8904491A272AB1C00007701A /* PBXTargetDependency */ = {
			isa = PBXTargetDependency;
			target = 89BE23CB2727CFB900B44D5A /* MobileClientGitHub */;
			targetProxy = 89044919272AB1C00007701A /* PBXContainerItemProxy */;
		};
/* End PBXTargetDependency section */

/* Begin PBXVariantGroup section */
		89BE23D52727CFB900B44D5A /* Main.storyboard */ = {
			isa = PBXVariantGroup;
			children = (
				89BE23D62727CFB900B44D5A /* Base */,
			);
			name = Main.storyboard;
			sourceTree = "<group>";
		};
		89BE23DA2727CFBB00B44D5A /* LaunchScreen.storyboard */ = {
			isa = PBXVariantGroup;
			children = (
				89BE23DB2727CFBB00B44D5A /* Base */,
			);
			name = LaunchScreen.storyboard;
			sourceTree = "<group>";
		};
/* End PBXVariantGroup section */

/* Begin XCBuildConfiguration section */
		8904491C272AB1C00007701A /* Debug */ = {
			isa = XCBuildConfiguration;
			baseConfigurationReference = 6FE2AD60F2E958FAF3D92D33 /* Pods-MobileClientGitHubTests.debug.xcconfig */;
			buildSettings = {
				BUNDLE_LOADER = "$(TEST_HOST)";
				CODE_SIGN_STYLE = Automatic;
				CURRENT_PROJECT_VERSION = 1;
				DEVELOPMENT_TEAM = CA8M7X82UD;
				GENERATE_INFOPLIST_FILE = YES;
				LD_RUNPATH_SEARCH_PATHS = (
					"$(inherited)",
					"@executable_path/Frameworks",
					"@loader_path/Frameworks",
				);
				MARKETING_VERSION = 1.0;
				PRODUCT_BUNDLE_IDENTIFIER = "-1111.MobileClientGitHubTests";
				PRODUCT_NAME = "$(TARGET_NAME)";
				SWIFT_EMIT_LOC_STRINGS = NO;
				SWIFT_VERSION = 5.0;
				TARGETED_DEVICE_FAMILY = "1,2";
				TEST_HOST = "$(BUILT_PRODUCTS_DIR)/MobileClientGitHub.app/MobileClientGitHub";
			};
			name = Debug;
		};
		8904491D272AB1C00007701A /* Release */ = {
			isa = XCBuildConfiguration;
			baseConfigurationReference = 528D752283B4C54C5277D52D /* Pods-MobileClientGitHubTests.release.xcconfig */;
			buildSettings = {
				BUNDLE_LOADER = "$(TEST_HOST)";
				CODE_SIGN_STYLE = Automatic;
				CURRENT_PROJECT_VERSION = 1;
				DEVELOPMENT_TEAM = CA8M7X82UD;
				GENERATE_INFOPLIST_FILE = YES;
				LD_RUNPATH_SEARCH_PATHS = (
					"$(inherited)",
					"@executable_path/Frameworks",
					"@loader_path/Frameworks",
				);
				MARKETING_VERSION = 1.0;
				PRODUCT_BUNDLE_IDENTIFIER = "-1111.MobileClientGitHubTests";
				PRODUCT_NAME = "$(TARGET_NAME)";
				SWIFT_EMIT_LOC_STRINGS = NO;
				SWIFT_VERSION = 5.0;
				TARGETED_DEVICE_FAMILY = "1,2";
				TEST_HOST = "$(BUILT_PRODUCTS_DIR)/MobileClientGitHub.app/MobileClientGitHub";
			};
			name = Release;
		};
		89BE23DE2727CFBB00B44D5A /* Debug */ = {
			isa = XCBuildConfiguration;
			buildSettings = {
				ALWAYS_SEARCH_USER_PATHS = NO;
				CLANG_ANALYZER_NONNULL = YES;
				CLANG_ANALYZER_NUMBER_OBJECT_CONVERSION = YES_AGGRESSIVE;
				CLANG_CXX_LANGUAGE_STANDARD = "gnu++17";
				CLANG_CXX_LIBRARY = "libc++";
				CLANG_ENABLE_MODULES = YES;
				CLANG_ENABLE_OBJC_ARC = YES;
				CLANG_ENABLE_OBJC_WEAK = YES;
				CLANG_WARN_BLOCK_CAPTURE_AUTORELEASING = YES;
				CLANG_WARN_BOOL_CONVERSION = YES;
				CLANG_WARN_COMMA = YES;
				CLANG_WARN_CONSTANT_CONVERSION = YES;
				CLANG_WARN_DEPRECATED_OBJC_IMPLEMENTATIONS = YES;
				CLANG_WARN_DIRECT_OBJC_ISA_USAGE = YES_ERROR;
				CLANG_WARN_DOCUMENTATION_COMMENTS = YES;
				CLANG_WARN_EMPTY_BODY = YES;
				CLANG_WARN_ENUM_CONVERSION = YES;
				CLANG_WARN_INFINITE_RECURSION = YES;
				CLANG_WARN_INT_CONVERSION = YES;
				CLANG_WARN_NON_LITERAL_NULL_CONVERSION = YES;
				CLANG_WARN_OBJC_IMPLICIT_RETAIN_SELF = YES;
				CLANG_WARN_OBJC_LITERAL_CONVERSION = YES;
				CLANG_WARN_OBJC_ROOT_CLASS = YES_ERROR;
				CLANG_WARN_QUOTED_INCLUDE_IN_FRAMEWORK_HEADER = YES;
				CLANG_WARN_RANGE_LOOP_ANALYSIS = YES;
				CLANG_WARN_STRICT_PROTOTYPES = YES;
				CLANG_WARN_SUSPICIOUS_MOVE = YES;
				CLANG_WARN_UNGUARDED_AVAILABILITY = YES_AGGRESSIVE;
				CLANG_WARN_UNREACHABLE_CODE = YES;
				CLANG_WARN__DUPLICATE_METHOD_MATCH = YES;
				COPY_PHASE_STRIP = NO;
				DEBUG_INFORMATION_FORMAT = dwarf;
				ENABLE_STRICT_OBJC_MSGSEND = YES;
				ENABLE_TESTABILITY = YES;
				GCC_C_LANGUAGE_STANDARD = gnu11;
				GCC_DYNAMIC_NO_PIC = NO;
				GCC_NO_COMMON_BLOCKS = YES;
				GCC_OPTIMIZATION_LEVEL = 0;
				GCC_PREPROCESSOR_DEFINITIONS = (
					"DEBUG=1",
					"$(inherited)",
				);
				GCC_WARN_64_TO_32_BIT_CONVERSION = YES;
				GCC_WARN_ABOUT_RETURN_TYPE = YES_ERROR;
				GCC_WARN_UNDECLARED_SELECTOR = YES;
				GCC_WARN_UNINITIALIZED_AUTOS = YES_AGGRESSIVE;
				GCC_WARN_UNUSED_FUNCTION = YES;
				GCC_WARN_UNUSED_VARIABLE = YES;
				IPHONEOS_DEPLOYMENT_TARGET = 15.0;
				MTL_ENABLE_DEBUG_INFO = INCLUDE_SOURCE;
				MTL_FAST_MATH = YES;
				ONLY_ACTIVE_ARCH = YES;
				SDKROOT = iphoneos;
				SWIFT_ACTIVE_COMPILATION_CONDITIONS = DEBUG;
				SWIFT_OPTIMIZATION_LEVEL = "-Onone";
			};
			name = Debug;
		};
		89BE23DF2727CFBB00B44D5A /* Release */ = {
			isa = XCBuildConfiguration;
			buildSettings = {
				ALWAYS_SEARCH_USER_PATHS = NO;
				CLANG_ANALYZER_NONNULL = YES;
				CLANG_ANALYZER_NUMBER_OBJECT_CONVERSION = YES_AGGRESSIVE;
				CLANG_CXX_LANGUAGE_STANDARD = "gnu++17";
				CLANG_CXX_LIBRARY = "libc++";
				CLANG_ENABLE_MODULES = YES;
				CLANG_ENABLE_OBJC_ARC = YES;
				CLANG_ENABLE_OBJC_WEAK = YES;
				CLANG_WARN_BLOCK_CAPTURE_AUTORELEASING = YES;
				CLANG_WARN_BOOL_CONVERSION = YES;
				CLANG_WARN_COMMA = YES;
				CLANG_WARN_CONSTANT_CONVERSION = YES;
				CLANG_WARN_DEPRECATED_OBJC_IMPLEMENTATIONS = YES;
				CLANG_WARN_DIRECT_OBJC_ISA_USAGE = YES_ERROR;
				CLANG_WARN_DOCUMENTATION_COMMENTS = YES;
				CLANG_WARN_EMPTY_BODY = YES;
				CLANG_WARN_ENUM_CONVERSION = YES;
				CLANG_WARN_INFINITE_RECURSION = YES;
				CLANG_WARN_INT_CONVERSION = YES;
				CLANG_WARN_NON_LITERAL_NULL_CONVERSION = YES;
				CLANG_WARN_OBJC_IMPLICIT_RETAIN_SELF = YES;
				CLANG_WARN_OBJC_LITERAL_CONVERSION = YES;
				CLANG_WARN_OBJC_ROOT_CLASS = YES_ERROR;
				CLANG_WARN_QUOTED_INCLUDE_IN_FRAMEWORK_HEADER = YES;
				CLANG_WARN_RANGE_LOOP_ANALYSIS = YES;
				CLANG_WARN_STRICT_PROTOTYPES = YES;
				CLANG_WARN_SUSPICIOUS_MOVE = YES;
				CLANG_WARN_UNGUARDED_AVAILABILITY = YES_AGGRESSIVE;
				CLANG_WARN_UNREACHABLE_CODE = YES;
				CLANG_WARN__DUPLICATE_METHOD_MATCH = YES;
				COPY_PHASE_STRIP = NO;
				DEBUG_INFORMATION_FORMAT = "dwarf-with-dsym";
				ENABLE_NS_ASSERTIONS = NO;
				ENABLE_STRICT_OBJC_MSGSEND = YES;
				GCC_C_LANGUAGE_STANDARD = gnu11;
				GCC_NO_COMMON_BLOCKS = YES;
				GCC_WARN_64_TO_32_BIT_CONVERSION = YES;
				GCC_WARN_ABOUT_RETURN_TYPE = YES_ERROR;
				GCC_WARN_UNDECLARED_SELECTOR = YES;
				GCC_WARN_UNINITIALIZED_AUTOS = YES_AGGRESSIVE;
				GCC_WARN_UNUSED_FUNCTION = YES;
				GCC_WARN_UNUSED_VARIABLE = YES;
				IPHONEOS_DEPLOYMENT_TARGET = 15.0;
				MTL_ENABLE_DEBUG_INFO = NO;
				MTL_FAST_MATH = YES;
				SDKROOT = iphoneos;
				SWIFT_COMPILATION_MODE = wholemodule;
				SWIFT_OPTIMIZATION_LEVEL = "-O";
				VALIDATE_PRODUCT = YES;
			};
			name = Release;
		};
		89BE23E12727CFBB00B44D5A /* Debug */ = {
			isa = XCBuildConfiguration;
			baseConfigurationReference = B2C9E9869B14A9D0D450E265 /* Pods-MobileClientGitHub.debug.xcconfig */;
			buildSettings = {
				ASSETCATALOG_COMPILER_APPICON_NAME = AppIcon;
				ASSETCATALOG_COMPILER_GLOBAL_ACCENT_COLOR_NAME = AccentColor;
				CODE_SIGN_STYLE = Automatic;
				CURRENT_PROJECT_VERSION = 1;
				DEVELOPMENT_TEAM = CA8M7X82UD;
				GENERATE_INFOPLIST_FILE = YES;
				INFOPLIST_FILE = MobileClientGitHub/Info.plist;
				INFOPLIST_KEY_UIApplicationSupportsIndirectInputEvents = YES;
				INFOPLIST_KEY_UILaunchStoryboardName = LaunchScreen;
				INFOPLIST_KEY_UIMainStoryboardFile = Main;
				INFOPLIST_KEY_UISupportedInterfaceOrientations_iPad = "UIInterfaceOrientationPortrait UIInterfaceOrientationPortraitUpsideDown UIInterfaceOrientationLandscapeLeft UIInterfaceOrientationLandscapeRight";
				INFOPLIST_KEY_UISupportedInterfaceOrientations_iPhone = "UIInterfaceOrientationPortrait UIInterfaceOrientationLandscapeLeft UIInterfaceOrientationLandscapeRight";
				LD_RUNPATH_SEARCH_PATHS = (
					"$(inherited)",
					"@executable_path/Frameworks",
				);
				MARKETING_VERSION = 1.0;
				PRODUCT_BUNDLE_IDENTIFIER = "-1111.MobileClientGitHub";
				PRODUCT_NAME = "$(TARGET_NAME)";
				SWIFT_EMIT_LOC_STRINGS = YES;
				SWIFT_VERSION = 5.0;
				TARGETED_DEVICE_FAMILY = "1,2";
			};
			name = Debug;
		};
		89BE23E22727CFBB00B44D5A /* Release */ = {
			isa = XCBuildConfiguration;
			baseConfigurationReference = DB57CE285BBC353A849D3119 /* Pods-MobileClientGitHub.release.xcconfig */;
			buildSettings = {
				ASSETCATALOG_COMPILER_APPICON_NAME = AppIcon;
				ASSETCATALOG_COMPILER_GLOBAL_ACCENT_COLOR_NAME = AccentColor;
				CODE_SIGN_STYLE = Automatic;
				CURRENT_PROJECT_VERSION = 1;
				DEVELOPMENT_TEAM = CA8M7X82UD;
				GENERATE_INFOPLIST_FILE = YES;
				INFOPLIST_FILE = MobileClientGitHub/Info.plist;
				INFOPLIST_KEY_UIApplicationSupportsIndirectInputEvents = YES;
				INFOPLIST_KEY_UILaunchStoryboardName = LaunchScreen;
				INFOPLIST_KEY_UIMainStoryboardFile = Main;
				INFOPLIST_KEY_UISupportedInterfaceOrientations_iPad = "UIInterfaceOrientationPortrait UIInterfaceOrientationPortraitUpsideDown UIInterfaceOrientationLandscapeLeft UIInterfaceOrientationLandscapeRight";
				INFOPLIST_KEY_UISupportedInterfaceOrientations_iPhone = "UIInterfaceOrientationPortrait UIInterfaceOrientationLandscapeLeft UIInterfaceOrientationLandscapeRight";
				LD_RUNPATH_SEARCH_PATHS = (
					"$(inherited)",
					"@executable_path/Frameworks",
				);
				MARKETING_VERSION = 1.0;
				PRODUCT_BUNDLE_IDENTIFIER = "-1111.MobileClientGitHub";
				PRODUCT_NAME = "$(TARGET_NAME)";
				SWIFT_EMIT_LOC_STRINGS = YES;
				SWIFT_VERSION = 5.0;
				TARGETED_DEVICE_FAMILY = "1,2";
			};
			name = Release;
		};
/* End XCBuildConfiguration section */

/* Begin XCConfigurationList section */
		8904491B272AB1C00007701A /* Build configuration list for PBXNativeTarget "MobileClientGitHubTests" */ = {
			isa = XCConfigurationList;
			buildConfigurations = (
				8904491C272AB1C00007701A /* Debug */,
				8904491D272AB1C00007701A /* Release */,
			);
			defaultConfigurationIsVisible = 0;
			defaultConfigurationName = Release;
		};
		89BE23C72727CFB900B44D5A /* Build configuration list for PBXProject "MobileClientGitHub" */ = {
			isa = XCConfigurationList;
			buildConfigurations = (
				89BE23DE2727CFBB00B44D5A /* Debug */,
				89BE23DF2727CFBB00B44D5A /* Release */,
			);
			defaultConfigurationIsVisible = 0;
			defaultConfigurationName = Release;
		};
		89BE23E02727CFBB00B44D5A /* Build configuration list for PBXNativeTarget "MobileClientGitHub" */ = {
			isa = XCConfigurationList;
			buildConfigurations = (
				89BE23E12727CFBB00B44D5A /* Debug */,
				89BE23E22727CFBB00B44D5A /* Release */,
			);
			defaultConfigurationIsVisible = 0;
			defaultConfigurationName = Release;
		};
/* End XCConfigurationList section */

/* Begin XCRemoteSwiftPackageReference section */
		8991086C27413A4D005E4858 /* XCRemoteSwiftPackageReference "realm-cocoa" */ = {
			isa = XCRemoteSwiftPackageReference;
			repositoryURL = "https://github.com/realm/realm-cocoa.git";
			requirement = {
				branch = master;
				kind = branch;
			};
		};
/* End XCRemoteSwiftPackageReference section */

/* Begin XCSwiftPackageProductDependency section */
		8991086D27413A4D005E4858 /* Realm */ = {
			isa = XCSwiftPackageProductDependency;
			package = 8991086C27413A4D005E4858 /* XCRemoteSwiftPackageReference "realm-cocoa" */;
			productName = Realm;
		};
		8991086F27413A4D005E4858 /* RealmSwift */ = {
			isa = XCSwiftPackageProductDependency;
			package = 8991086C27413A4D005E4858 /* XCRemoteSwiftPackageReference "realm-cocoa" */;
			productName = RealmSwift;
		};
/* End XCSwiftPackageProductDependency section */
	};
	rootObject = 89BE23C42727CFB900B44D5A /* Project object */;
}
